
Microsoft Visual Studio Solution File, Format Version 12.00
# Visual Studio 15
VisualStudioVersion = 15.0.28307.1209
MinimumVisualStudioVersion = 10.0.40219.1
Project("{FAE04EC0-301F-11D3-BF4B-00C04F79EFBC}") = "HoaYeuThuong", "HoaYeuThuong.csproj", "{63E85F5F-0491-4BD9-BC43-F2E5CE997C3B}"
EndProject
Global
	GlobalSection(SolutionConfigurationPlatforms) = preSolution
		Debug|Any CPU = Debug|Any CPU
		Release|Any CPU = Release|Any CPU
	EndGlobalSection
	GlobalSection(ProjectConfigurationPlatforms) = postSolution
		{63E85F5F-0491-4BD9-BC43-F2E5CE997C3B}.Debug|Any CPU.ActiveCfg = Debug|Any CPU
		{63E85F5F-0491-4BD9-BC43-F2E5CE997C3B}.Debug|Any CPU.Build.0 = Debug|Any CPU
		{63E85F5F-0491-4BD9-BC43-F2E5CE997C3B}.Release|Any CPU.ActiveCfg = Release|Any CPU
		{63E85F5F-0491-4BD9-BC43-F2E5CE997C3B}.Release|Any CPU.Build.0 = Release|Any CPU
	EndGlobalSection
	GlobalSection(SolutionProperties) = preSolution
		HideSolutionNode = FALSE
	EndGlobalSection
	GlobalSection(ExtensibilityGlobals) = postSolution
		SolutionGuid = {0CD3B3B7-EE92-4C3E-AC4A-84902322A860}
	EndGlobalSection
EndGlobal
